
Microsoft Visual Studio Solution File, Format Version 12.00
# Visual Studio Version 17
VisualStudioVersion = 17.5.33516.290
MinimumVisualStudioVersion = 10.0.40219.1
Project("{FAE04EC0-301F-11D3-BF4B-00C04F79EFBC}") = "practice 2", "practice 2\practice 2.csproj", "{EF57ADC3-FA4C-4F49-B4A5-FF18035D35B8}"
EndProject
Global
	GlobalSection(SolutionConfigurationPlatforms) = preSolution
		Debug|Any CPU = Debug|Any CPU
		Release|Any CPU = Release|Any CPU
	EndGlobalSection
	GlobalSection(ProjectConfigurationPlatforms) = postSolution
		{EF57ADC3-FA4C-4F49-B4A5-FF18035D35B8}.Debug|Any CPU.ActiveCfg = Debug|Any CPU
		{EF57ADC3-FA4C-4F49-B4A5-FF18035D35B8}.Debug|Any CPU.Build.0 = Debug|Any CPU
		{EF57ADC3-FA4C-4F49-B4A5-FF18035D35B8}.Release|Any CPU.ActiveCfg = Release|Any CPU
		{EF57ADC3-FA4C-4F49-B4A5-FF18035D35B8}.Release|Any CPU.Build.0 = Release|Any CPU
	EndGlobalSection
	GlobalSection(SolutionProperties) = preSolution
		HideSolutionNode = FALSE
	EndGlobalSection
	GlobalSection(ExtensibilityGlobals) = postSolution
		SolutionGuid = {0697BD4F-83BB-4126-9FC4-0E43677C9CCC}
	EndGlobalSection
EndGlobal
