
Microsoft Visual Studio Solution File, Format Version 12.00
# Visual Studio Version 17
VisualStudioVersion = 17.5.33516.290
MinimumVisualStudioVersion = 10.0.40219.1
Project("{FAE04EC0-301F-11D3-BF4B-00C04F79EFBC}") = "orange fruit", "orange fruit\orange fruit.csproj", "{71DB75A0-02EA-4A01-9C05-3DA2D8FA986B}"
EndProject
Global
	GlobalSection(SolutionConfigurationPlatforms) = preSolution
		Debug|Any CPU = Debug|Any CPU
		Release|Any CPU = Release|Any CPU
	EndGlobalSection
	GlobalSection(ProjectConfigurationPlatforms) = postSolution
		{71DB75A0-02EA-4A01-9C05-3DA2D8FA986B}.Debug|Any CPU.ActiveCfg = Debug|Any CPU
		{71DB75A0-02EA-4A01-9C05-3DA2D8FA986B}.Debug|Any CPU.Build.0 = Debug|Any CPU
		{71DB75A0-02EA-4A01-9C05-3DA2D8FA986B}.Release|Any CPU.ActiveCfg = Release|Any CPU
		{71DB75A0-02EA-4A01-9C05-3DA2D8FA986B}.Release|Any CPU.Build.0 = Release|Any CPU
	EndGlobalSection
	GlobalSection(SolutionProperties) = preSolution
		HideSolutionNode = FALSE
	EndGlobalSection
	GlobalSection(ExtensibilityGlobals) = postSolution
		SolutionGuid = {72C9C38E-8CF1-423F-A19D-43B0F59E0EFF}
	EndGlobalSection
EndGlobal
