
Microsoft Visual Studio Solution File, Format Version 12.00
# Visual Studio Version 17
VisualStudioVersion = 17.5.33516.290
MinimumVisualStudioVersion = 10.0.40219.1
Project("{FAE04EC0-301F-11D3-BF4B-00C04F79EFBC}") = "missing no in array", "missing no in array\missing no in array.csproj", "{9A4AFB47-AB0A-4EF7-BB34-6651D973B00D}"
EndProject
Global
	GlobalSection(SolutionConfigurationPlatforms) = preSolution
		Debug|Any CPU = Debug|Any CPU
		Release|Any CPU = Release|Any CPU
	EndGlobalSection
	GlobalSection(ProjectConfigurationPlatforms) = postSolution
		{9A4AFB47-AB0A-4EF7-BB34-6651D973B00D}.Debug|Any CPU.ActiveCfg = Debug|Any CPU
		{9A4AFB47-AB0A-4EF7-BB34-6651D973B00D}.Debug|Any CPU.Build.0 = Debug|Any CPU
		{9A4AFB47-AB0A-4EF7-BB34-6651D973B00D}.Release|Any CPU.ActiveCfg = Release|Any CPU
		{9A4AFB47-AB0A-4EF7-BB34-6651D973B00D}.Release|Any CPU.Build.0 = Release|Any CPU
	EndGlobalSection
	GlobalSection(SolutionProperties) = preSolution
		HideSolutionNode = FALSE
	EndGlobalSection
	GlobalSection(ExtensibilityGlobals) = postSolution
		SolutionGuid = {59A1B4AE-4710-4CDF-8905-B37EDBE68DD3}
	EndGlobalSection
EndGlobal
