
Microsoft Visual Studio Solution File, Format Version 12.00
# Visual Studio Version 17
VisualStudioVersion = 17.5.33516.290
MinimumVisualStudioVersion = 10.0.40219.1
Project("{FAE04EC0-301F-11D3-BF4B-00C04F79EFBC}") = "PowerOfTwo", "PowerOftwo\PowerOfTwo.csproj", "{38E903B8-16C6-4B2A-A0B7-0EA5113DD191}"
EndProject
Global
	GlobalSection(SolutionConfigurationPlatforms) = preSolution
		Debug|Any CPU = Debug|Any CPU
		Release|Any CPU = Release|Any CPU
	EndGlobalSection
	GlobalSection(ProjectConfigurationPlatforms) = postSolution
		{38E903B8-16C6-4B2A-A0B7-0EA5113DD191}.Debug|Any CPU.ActiveCfg = Debug|Any CPU
		{38E903B8-16C6-4B2A-A0B7-0EA5113DD191}.Debug|Any CPU.Build.0 = Debug|Any CPU
		{38E903B8-16C6-4B2A-A0B7-0EA5113DD191}.Release|Any CPU.ActiveCfg = Release|Any CPU
		{38E903B8-16C6-4B2A-A0B7-0EA5113DD191}.Release|Any CPU.Build.0 = Release|Any CPU
	EndGlobalSection
	GlobalSection(SolutionProperties) = preSolution
		HideSolutionNode = FALSE
	EndGlobalSection
	GlobalSection(ExtensibilityGlobals) = postSolution
		SolutionGuid = {C226BE77-4584-4FE3-892D-DD66FDFAD660}
	EndGlobalSection
EndGlobal
