
Microsoft Visual Studio Solution File, Format Version 12.00
# Visual Studio Version 17
VisualStudioVersion = 17.5.33516.290
MinimumVisualStudioVersion = 10.0.40219.1
Project("{FAE04EC0-301F-11D3-BF4B-00C04F79EFBC}") = "student", "student\student.csproj", "{90E760B5-5000-4F8E-B0D7-68B4A4496297}"
EndProject
Global
	GlobalSection(SolutionConfigurationPlatforms) = preSolution
		Debug|Any CPU = Debug|Any CPU
		Release|Any CPU = Release|Any CPU
	EndGlobalSection
	GlobalSection(ProjectConfigurationPlatforms) = postSolution
		{90E760B5-5000-4F8E-B0D7-68B4A4496297}.Debug|Any CPU.ActiveCfg = Debug|Any CPU
		{90E760B5-5000-4F8E-B0D7-68B4A4496297}.Debug|Any CPU.Build.0 = Debug|Any CPU
		{90E760B5-5000-4F8E-B0D7-68B4A4496297}.Release|Any CPU.ActiveCfg = Release|Any CPU
		{90E760B5-5000-4F8E-B0D7-68B4A4496297}.Release|Any CPU.Build.0 = Release|Any CPU
	EndGlobalSection
	GlobalSection(SolutionProperties) = preSolution
		HideSolutionNode = FALSE
	EndGlobalSection
	GlobalSection(ExtensibilityGlobals) = postSolution
		SolutionGuid = {86007EC4-BDC7-47AF-AA31-BC25B0A7CD4C}
	EndGlobalSection
EndGlobal
