
Microsoft Visual Studio Solution File, Format Version 12.00
# Visual Studio Version 17
VisualStudioVersion = 17.5.33516.290
MinimumVisualStudioVersion = 10.0.40219.1
Project("{FAE04EC0-301F-11D3-BF4B-00C04F79EFBC}") = "practice 3", "practice 3\practice 3.csproj", "{DE136263-AC61-464A-983F-A92DC23EE0D8}"
EndProject
Global
	GlobalSection(SolutionConfigurationPlatforms) = preSolution
		Debug|Any CPU = Debug|Any CPU
		Release|Any CPU = Release|Any CPU
	EndGlobalSection
	GlobalSection(ProjectConfigurationPlatforms) = postSolution
		{DE136263-AC61-464A-983F-A92DC23EE0D8}.Debug|Any CPU.ActiveCfg = Debug|Any CPU
		{DE136263-AC61-464A-983F-A92DC23EE0D8}.Debug|Any CPU.Build.0 = Debug|Any CPU
		{DE136263-AC61-464A-983F-A92DC23EE0D8}.Release|Any CPU.ActiveCfg = Release|Any CPU
		{DE136263-AC61-464A-983F-A92DC23EE0D8}.Release|Any CPU.Build.0 = Release|Any CPU
	EndGlobalSection
	GlobalSection(SolutionProperties) = preSolution
		HideSolutionNode = FALSE
	EndGlobalSection
	GlobalSection(ExtensibilityGlobals) = postSolution
		SolutionGuid = {B3051671-57BE-4815-841A-90C3BFE76848}
	EndGlobalSection
EndGlobal
