
Microsoft Visual Studio Solution File, Format Version 12.00
# Visual Studio Version 17
VisualStudioVersion = 17.5.33516.290
MinimumVisualStudioVersion = 10.0.40219.1
Project("{FAE04EC0-301F-11D3-BF4B-00C04F79EFBC}") = "triangle printing", "triangle printing\triangle printing.csproj", "{F8BCF86A-3A7E-4A5D-AA67-6BF98A876400}"
EndProject
Global
	GlobalSection(SolutionConfigurationPlatforms) = preSolution
		Debug|Any CPU = Debug|Any CPU
		Release|Any CPU = Release|Any CPU
	EndGlobalSection
	GlobalSection(ProjectConfigurationPlatforms) = postSolution
		{F8BCF86A-3A7E-4A5D-AA67-6BF98A876400}.Debug|Any CPU.ActiveCfg = Debug|Any CPU
		{F8BCF86A-3A7E-4A5D-AA67-6BF98A876400}.Debug|Any CPU.Build.0 = Debug|Any CPU
		{F8BCF86A-3A7E-4A5D-AA67-6BF98A876400}.Release|Any CPU.ActiveCfg = Release|Any CPU
		{F8BCF86A-3A7E-4A5D-AA67-6BF98A876400}.Release|Any CPU.Build.0 = Release|Any CPU
	EndGlobalSection
	GlobalSection(SolutionProperties) = preSolution
		HideSolutionNode = FALSE
	EndGlobalSection
	GlobalSection(ExtensibilityGlobals) = postSolution
		SolutionGuid = {AFC189BA-ADCA-43ED-A662-9AB4BED521FB}
	EndGlobalSection
EndGlobal
