
Microsoft Visual Studio Solution File, Format Version 12.00
# Visual Studio Version 17
VisualStudioVersion = 17.5.33516.290
MinimumVisualStudioVersion = 10.0.40219.1
Project("{FAE04EC0-301F-11D3-BF4B-00C04F79EFBC}") = "practice 4.1", "practice 4.1\practice 4.1.csproj", "{5AA948D9-6C9D-4A59-A451-C4ABEA256F9B}"
EndProject
Global
	GlobalSection(SolutionConfigurationPlatforms) = preSolution
		Debug|Any CPU = Debug|Any CPU
		Release|Any CPU = Release|Any CPU
	EndGlobalSection
	GlobalSection(ProjectConfigurationPlatforms) = postSolution
		{5AA948D9-6C9D-4A59-A451-C4ABEA256F9B}.Debug|Any CPU.ActiveCfg = Debug|Any CPU
		{5AA948D9-6C9D-4A59-A451-C4ABEA256F9B}.Debug|Any CPU.Build.0 = Debug|Any CPU
		{5AA948D9-6C9D-4A59-A451-C4ABEA256F9B}.Release|Any CPU.ActiveCfg = Release|Any CPU
		{5AA948D9-6C9D-4A59-A451-C4ABEA256F9B}.Release|Any CPU.Build.0 = Release|Any CPU
	EndGlobalSection
	GlobalSection(SolutionProperties) = preSolution
		HideSolutionNode = FALSE
	EndGlobalSection
	GlobalSection(ExtensibilityGlobals) = postSolution
		SolutionGuid = {D80F3257-A7AC-4784-9EE0-9BFF8C38B3B0}
	EndGlobalSection
EndGlobal
