
Microsoft Visual Studio Solution File, Format Version 12.00
# Visual Studio Version 17
VisualStudioVersion = 17.5.33516.290
MinimumVisualStudioVersion = 10.0.40219.1
Project("{FAE04EC0-301F-11D3-BF4B-00C04F79EFBC}") = "Date time", "Date time\Date time.csproj", "{3944EB71-B480-4B87-A8FB-54EE8DEE26A0}"
EndProject
Global
	GlobalSection(SolutionConfigurationPlatforms) = preSolution
		Debug|Any CPU = Debug|Any CPU
		Release|Any CPU = Release|Any CPU
	EndGlobalSection
	GlobalSection(ProjectConfigurationPlatforms) = postSolution
		{3944EB71-B480-4B87-A8FB-54EE8DEE26A0}.Debug|Any CPU.ActiveCfg = Debug|Any CPU
		{3944EB71-B480-4B87-A8FB-54EE8DEE26A0}.Debug|Any CPU.Build.0 = Debug|Any CPU
		{3944EB71-B480-4B87-A8FB-54EE8DEE26A0}.Release|Any CPU.ActiveCfg = Release|Any CPU
		{3944EB71-B480-4B87-A8FB-54EE8DEE26A0}.Release|Any CPU.Build.0 = Release|Any CPU
	EndGlobalSection
	GlobalSection(SolutionProperties) = preSolution
		HideSolutionNode = FALSE
	EndGlobalSection
	GlobalSection(ExtensibilityGlobals) = postSolution
		SolutionGuid = {7ABC3C67-0840-4362-AD36-A14B71257388}
	EndGlobalSection
EndGlobal
